
Microsoft Visual Studio Solution File, Format Version 12.00
# Visual Studio Version 17
VisualStudioVersion = 17.3.32929.385
MinimumVisualStudioVersion = 10.0.40219.1
Project("{9A19103F-16F7-4668-BE54-9A1E7A4F7556}") = "BenchmarkMappings", "src\BenchmarkMappings\BenchmarkMappings.csproj", "{6863FB3A-C63E-4630-B011-5BA4651E2CC3}"
EndProject
Project("{2150E333-8FDC-42A3-9474-1A3956D46DE8}") = "Solution Items", "Solution Items", "{F3A7432C-4DB7-475A-ABD9-3BEB3A8A214F}"
	ProjectSection(SolutionItems) = preProject
		.dockerignore = .dockerignore
		.editorconfig = .editorconfig
		.gitattributes = .gitattributes
		.gitignore = .gitignore
		.gitmodules = .gitmodules
		.config\dotnet-tools.json = .config\dotnet-tools.json
		LICENSE = LICENSE
		README.md = README.md
		VERSIONING.md = VERSIONING.md
	EndProjectSection
EndProject
Project("{9A19103F-16F7-4668-BE54-9A1E7A4F7556}") = "BenchmarkSerialisation", "src\BenchmarkSerialisation\BenchmarkSerialisation.csproj", "{EE86D567-C7C1-429E-9F33-019403B60D5D}"
EndProject
Project("{FAE04EC0-301F-11D3-BF4B-00C04F79EFBC}") = "BenchmarkPlainVsRecordStruct", "src\BenchmarkPlainVsRecordStruct\BenchmarkPlainVsRecordStruct.csproj", "{523814E3-8578-46C6-A482-296CD89FD1A2}"
EndProject
Project("{FAE04EC0-301F-11D3-BF4B-00C04F79EFBC}") = "BenchmarkIteration", "src\BenchmarkIteration\BenchmarkIteration.csproj", "{1E075583-DB80-40DB-8992-F0D787685B2B}"
EndProject
Global
	GlobalSection(SolutionConfigurationPlatforms) = preSolution
		Debug|Any CPU = Debug|Any CPU
		Release|Any CPU = Release|Any CPU
	EndGlobalSection
	GlobalSection(ProjectConfigurationPlatforms) = postSolution
		{6863FB3A-C63E-4630-B011-5BA4651E2CC3}.Debug|Any CPU.ActiveCfg = Debug|Any CPU
		{6863FB3A-C63E-4630-B011-5BA4651E2CC3}.Debug|Any CPU.Build.0 = Debug|Any CPU
		{6863FB3A-C63E-4630-B011-5BA4651E2CC3}.Release|Any CPU.ActiveCfg = Release|Any CPU
		{6863FB3A-C63E-4630-B011-5BA4651E2CC3}.Release|Any CPU.Build.0 = Release|Any CPU
		{EE86D567-C7C1-429E-9F33-019403B60D5D}.Debug|Any CPU.ActiveCfg = Debug|Any CPU
		{EE86D567-C7C1-429E-9F33-019403B60D5D}.Debug|Any CPU.Build.0 = Debug|Any CPU
		{EE86D567-C7C1-429E-9F33-019403B60D5D}.Release|Any CPU.ActiveCfg = Release|Any CPU
		{EE86D567-C7C1-429E-9F33-019403B60D5D}.Release|Any CPU.Build.0 = Release|Any CPU
		{523814E3-8578-46C6-A482-296CD89FD1A2}.Debug|Any CPU.ActiveCfg = Debug|Any CPU
		{523814E3-8578-46C6-A482-296CD89FD1A2}.Debug|Any CPU.Build.0 = Debug|Any CPU
		{523814E3-8578-46C6-A482-296CD89FD1A2}.Release|Any CPU.ActiveCfg = Release|Any CPU
		{523814E3-8578-46C6-A482-296CD89FD1A2}.Release|Any CPU.Build.0 = Release|Any CPU
		{1E075583-DB80-40DB-8992-F0D787685B2B}.Debug|Any CPU.ActiveCfg = Debug|Any CPU
		{1E075583-DB80-40DB-8992-F0D787685B2B}.Debug|Any CPU.Build.0 = Debug|Any CPU
		{1E075583-DB80-40DB-8992-F0D787685B2B}.Release|Any CPU.ActiveCfg = Release|Any CPU
		{1E075583-DB80-40DB-8992-F0D787685B2B}.Release|Any CPU.Build.0 = Release|Any CPU
	EndGlobalSection
	GlobalSection(SolutionProperties) = preSolution
		HideSolutionNode = FALSE
	EndGlobalSection
	GlobalSection(ExtensibilityGlobals) = postSolution
		SolutionGuid = {0B1CC34A-4423-4ACF-AD9D-794B6BCFB5FE}
	EndGlobalSection
EndGlobal
